
Microsoft Visual Studio Solution File, Format Version 12.00
# Visual Studio Version 17
VisualStudioVersion = 17.3.32922.545
MinimumVisualStudioVersion = 10.0.40219.1
Project("{FAE04EC0-301F-11D3-BF4B-00C04F79EFBC}") = "Vista", "Vista\Vista.csproj", "{0A7E64E4-7A3A-4EB7-AFAE-6377BA080FDA}"
EndProject
Global
	GlobalSection(SolutionConfigurationPlatforms) = preSolution
		Debug|Any CPU = Debug|Any CPU
		Release|Any CPU = Release|Any CPU
	EndGlobalSection
	GlobalSection(ProjectConfigurationPlatforms) = postSolution
		{0A7E64E4-7A3A-4EB7-AFAE-6377BA080FDA}.Debug|Any CPU.ActiveCfg = Debug|Any CPU
		{0A7E64E4-7A3A-4EB7-AFAE-6377BA080FDA}.Debug|Any CPU.Build.0 = Debug|Any CPU
		{0A7E64E4-7A3A-4EB7-AFAE-6377BA080FDA}.Release|Any CPU.ActiveCfg = Release|Any CPU
		{0A7E64E4-7A3A-4EB7-AFAE-6377BA080FDA}.Release|Any CPU.Build.0 = Release|Any CPU
	EndGlobalSection
	GlobalSection(SolutionProperties) = preSolution
		HideSolutionNode = FALSE
	EndGlobalSection
	GlobalSection(ExtensibilityGlobals) = postSolution
		SolutionGuid = {5E4A693E-1EA8-4662-ACA8-A1E1838F8FA7}
	EndGlobalSection
EndGlobal
